// !$*UTF8*$!
{
	archiveVersion = 1;
	classes = {
	};
	objectVersion = 46;
	objects = {

/* Begin PBXBuildFile section */
		7B616C78172DCD8C0040B184 /* icon.icns in Resources */ = {isa = PBXBuildFile; fileRef = 7B616C76172DCB140040B184 /* icon.icns */; };
		7B616C79172DCDD10040B184 /* libftd2xx.1.2.2.dylib in Resources */ = {isa = PBXBuildFile; fileRef = D5EED3F716F677790054D740 /* libftd2xx.1.2.2.dylib */; };
		7BB0244F172CE58C00AFDB28 /* IOKit.framework in Frameworks */ = {isa = PBXBuildFile; fileRef = 7BB0244E172CE58C00AFDB28 /* IOKit.framework */; };
		7BB02451172CEF7100AFDB28 /* Security.framework in Frameworks */ = {isa = PBXBuildFile; fileRef = 7BB02450172CEF7100AFDB28 /* Security.framework */; };
		D508606E1647971A009427DF /* cmdline in Resources */ = {isa = PBXBuildFile; fileRef = D50860631647971A009427DF /* cmdline */; };
		D508606F1647971A009427DF /* lakefile in Resources */ = {isa = PBXBuildFile; fileRef = D50860641647971A009427DF /* lakefile */; };
		D50860711647971A009427DF /* MIT-LICENSE in Resources */ = {isa = PBXBuildFile; fileRef = D50860661647971A009427DF /* MIT-LICENSE */; };
		D50860751647971A009427DF /* stm32ld.cpp in Sources */ = {isa = PBXBuildFile; fileRef = D508606B1647971A009427DF /* stm32ld.cpp */; };
		D558BAE0164754D100247553 /* Cocoa.framework in Frameworks */ = {isa = PBXBuildFile; fileRef = D558BADF164754D100247553 /* Cocoa.framework */; };
		D558BAEA164754D100247553 /* InfoPlist.strings in Resources */ = {isa = PBXBuildFile; fileRef = D558BAE8164754D100247553 /* InfoPlist.strings */; };
		D558BAEC164754D100247553 /* main.m in Sources */ = {isa = PBXBuildFile; fileRef = D558BAEB164754D100247553 /* main.m */; };
		D558BAF0164754D100247553 /* Credits.rtf in Resources */ = {isa = PBXBuildFile; fileRef = D558BAEE164754D100247553 /* Credits.rtf */; };
		D558BAF3164754D100247553 /* AppDelegate.mm in Sources */ = {isa = PBXBuildFile; fileRef = D558BAF2164754D100247553 /* AppDelegate.mm */; };
		D558BAF6164754D100247553 /* MainMenu.xib in Resources */ = {isa = PBXBuildFile; fileRef = D558BAF4164754D100247553 /* MainMenu.xib */; };
		D558BAFE164754D100247553 /* SenTestingKit.framework in Frameworks */ = {isa = PBXBuildFile; fileRef = D558BAFD164754D100247553 /* SenTestingKit.framework */; };
		D558BAFF164754D100247553 /* Cocoa.framework in Frameworks */ = {isa = PBXBuildFile; fileRef = D558BADF164754D100247553 /* Cocoa.framework */; };
		D558BB07164754D100247553 /* InfoPlist.strings in Resources */ = {isa = PBXBuildFile; fileRef = D558BB05164754D100247553 /* InfoPlist.strings */; };
		D558BB0A164754D100247553 /* OnyxLoaderTests.m in Sources */ = {isa = PBXBuildFile; fileRef = D558BB09164754D100247553 /* OnyxLoaderTests.m */; };
		D58D1A76164828280090BFE6 /* serial_ftdi.cpp in Sources */ = {isa = PBXBuildFile; fileRef = D58D1A75164828280090BFE6 /* serial_ftdi.cpp */; };
		D5EED3F816F677790054D740 /* libftd2xx.1.2.2.dylib in Frameworks */ = {isa = PBXBuildFile; fileRef = D5EED3F716F677790054D740 /* libftd2xx.1.2.2.dylib */; };
		D5EED3FC16F690370054D740 /* jsmn.cpp in Sources */ = {isa = PBXBuildFile; fileRef = D5EED3F916F688F60054D740 /* jsmn.cpp */; };
/* End PBXBuildFile section */

/* Begin PBXContainerItemProxy section */
		D558BB00164754D100247553 /* PBXContainerItemProxy */ = {
			isa = PBXContainerItemProxy;
			containerPortal = D558BAD2164754D000247553 /* Project object */;
			proxyType = 1;
			remoteGlobalIDString = D558BADA164754D000247553;
			remoteInfo = OnyxLoader;
		};
/* End PBXContainerItemProxy section */

/* Begin PBXFileReference section */
		7B616C76172DCB140040B184 /* icon.icns */ = {isa = PBXFileReference; lastKnownFileType = image.icns; path = icon.icns; sourceTree = SOURCE_ROOT; };
		7BB0244E172CE58C00AFDB28 /* IOKit.framework */ = {isa = PBXFileReference; lastKnownFileType = wrapper.framework; name = IOKit.framework; path = ../../../../../../../System/Library/Frameworks/IOKit.framework; sourceTree = "<group>"; };
		7BB02450172CEF7100AFDB28 /* Security.framework */ = {isa = PBXFileReference; lastKnownFileType = wrapper.framework; name = Security.framework; path = ../../../../../../../System/Library/Frameworks/Security.framework; sourceTree = "<group>"; };
		D508606116479264009427DF /* doflash.h */ = {isa = PBXFileReference; fileEncoding = 4; lastKnownFileType = sourcecode.c.h; path = doflash.h; sourceTree = SOURCE_ROOT; };
		D50860631647971A009427DF /* cmdline */ = {isa = PBXFileReference; fileEncoding = 4; lastKnownFileType = text; path = cmdline; sourceTree = "<group>"; };
		D50860641647971A009427DF /* lakefile */ = {isa = PBXFileReference; fileEncoding = 4; lastKnownFileType = text; path = lakefile; sourceTree = "<group>"; };
		D50860661647971A009427DF /* MIT-LICENSE */ = {isa = PBXFileReference; fileEncoding = 4; lastKnownFileType = text; path = "MIT-LICENSE"; sourceTree = "<group>"; };
		D50860671647971A009427DF /* serial.h */ = {isa = PBXFileReference; fileEncoding = 4; lastKnownFileType = sourcecode.c.h; path = serial.h; sourceTree = "<group>"; };
		D508606B1647971A009427DF /* stm32ld.cpp */ = {isa = PBXFileReference; fileEncoding = 4; lastKnownFileType = sourcecode.cpp.cpp; path = stm32ld.cpp; sourceTree = "<group>"; };
		D508606C1647971A009427DF /* stm32ld.h */ = {isa = PBXFileReference; fileEncoding = 4; lastKnownFileType = sourcecode.c.h; path = stm32ld.h; sourceTree = "<group>"; };
		D508606D1647971A009427DF /* type.h */ = {isa = PBXFileReference; fileEncoding = 4; lastKnownFileType = sourcecode.c.h; path = type.h; sourceTree = "<group>"; };
		D5086076164797A3009427DF /* ftd2xx.h */ = {isa = PBXFileReference; fileEncoding = 4; lastKnownFileType = sourcecode.c.h; name = ftd2xx.h; path = D2XX/bin/ftd2xx.h; sourceTree = SOURCE_ROOT; };
		D5086077164797A3009427DF /* WinTypes.h */ = {isa = PBXFileReference; fileEncoding = 4; lastKnownFileType = sourcecode.c.h; name = WinTypes.h; path = D2XX/bin/WinTypes.h; sourceTree = SOURCE_ROOT; };
		D558BADB164754D000247553 /* OnyxLoader.app */ = {isa = PBXFileReference; explicitFileType = wrapper.application; includeInIndex = 0; path = OnyxLoader.app; sourceTree = BUILT_PRODUCTS_DIR; };
		D558BADF164754D100247553 /* Cocoa.framework */ = {isa = PBXFileReference; lastKnownFileType = wrapper.framework; name = Cocoa.framework; path = System/Library/Frameworks/Cocoa.framework; sourceTree = SDKROOT; };
		D558BAE2164754D100247553 /* AppKit.framework */ = {isa = PBXFileReference; lastKnownFileType = wrapper.framework; name = AppKit.framework; path = System/Library/Frameworks/AppKit.framework; sourceTree = SDKROOT; };
		D558BAE3164754D100247553 /* CoreData.framework */ = {isa = PBXFileReference; lastKnownFileType = wrapper.framework; name = CoreData.framework; path = System/Library/Frameworks/CoreData.framework; sourceTree = SDKROOT; };
		D558BAE4164754D100247553 /* Foundation.framework */ = {isa = PBXFileReference; lastKnownFileType = wrapper.framework; name = Foundation.framework; path = System/Library/Frameworks/Foundation.framework; sourceTree = SDKROOT; };
		D558BAE7164754D100247553 /* OnyxLoader-Info.plist */ = {isa = PBXFileReference; lastKnownFileType = text.plist.xml; path = "OnyxLoader-Info.plist"; sourceTree = "<group>"; };
		D558BAE9164754D100247553 /* en */ = {isa = PBXFileReference; lastKnownFileType = text.plist.strings; name = en; path = en.lproj/InfoPlist.strings; sourceTree = "<group>"; };
		D558BAEB164754D100247553 /* main.m */ = {isa = PBXFileReference; lastKnownFileType = sourcecode.c.objc; path = main.m; sourceTree = "<group>"; };
		D558BAED164754D100247553 /* OnyxLoader-Prefix.pch */ = {isa = PBXFileReference; lastKnownFileType = sourcecode.c.h; path = "OnyxLoader-Prefix.pch"; sourceTree = "<group>"; };
		D558BAEF164754D100247553 /* en */ = {isa = PBXFileReference; lastKnownFileType = text.rtf; name = en; path = en.lproj/Credits.rtf; sourceTree = "<group>"; };
		D558BAF1164754D100247553 /* AppDelegate.h */ = {isa = PBXFileReference; lastKnownFileType = sourcecode.c.h; path = AppDelegate.h; sourceTree = "<group>"; };
		D558BAF2164754D100247553 /* AppDelegate.mm */ = {isa = PBXFileReference; lastKnownFileType = sourcecode.cpp.objcpp; path = AppDelegate.mm; sourceTree = "<group>"; };
		D558BAF5164754D100247553 /* en */ = {isa = PBXFileReference; lastKnownFileType = file.xib; name = en; path = en.lproj/MainMenu.xib; sourceTree = "<group>"; };
		D558BAFC164754D100247553 /* OnyxLoaderTests.octest */ = {isa = PBXFileReference; explicitFileType = wrapper.cfbundle; includeInIndex = 0; path = OnyxLoaderTests.octest; sourceTree = BUILT_PRODUCTS_DIR; };
		D558BAFD164754D100247553 /* SenTestingKit.framework */ = {isa = PBXFileReference; lastKnownFileType = wrapper.framework; name = SenTestingKit.framework; path = Library/Frameworks/SenTestingKit.framework; sourceTree = DEVELOPER_DIR; };
		D558BB04164754D100247553 /* OnyxLoaderTests-Info.plist */ = {isa = PBXFileReference; lastKnownFileType = text.plist.xml; path = "OnyxLoaderTests-Info.plist"; sourceTree = "<group>"; };
		D558BB06164754D100247553 /* en */ = {isa = PBXFileReference; lastKnownFileType = text.plist.strings; name = en; path = en.lproj/InfoPlist.strings; sourceTree = "<group>"; };
		D558BB08164754D100247553 /* OnyxLoaderTests.h */ = {isa = PBXFileReference; lastKnownFileType = sourcecode.c.h; path = OnyxLoaderTests.h; sourceTree = "<group>"; };
		D558BB09164754D100247553 /* OnyxLoaderTests.m */ = {isa = PBXFileReference; lastKnownFileType = sourcecode.c.objc; path = OnyxLoaderTests.m; sourceTree = "<group>"; };
		D58D1A75164828280090BFE6 /* serial_ftdi.cpp */ = {isa = PBXFileReference; fileEncoding = 4; lastKnownFileType = sourcecode.cpp.cpp; path = serial_ftdi.cpp; sourceTree = "<group>"; };
		D5EED3F716F677790054D740 /* libftd2xx.1.2.2.dylib */ = {isa = PBXFileReference; lastKnownFileType = "compiled.mach-o.dylib"; path = libftd2xx.1.2.2.dylib; sourceTree = "<group>"; };
		D5EED3F916F688F60054D740 /* jsmn.cpp */ = {isa = PBXFileReference; fileEncoding = 4; lastKnownFileType = sourcecode.cpp.cpp; path = jsmn.cpp; sourceTree = SOURCE_ROOT; };
		D5EED3FA16F688F60054D740 /* jsmn.h */ = {isa = PBXFileReference; fileEncoding = 4; lastKnownFileType = sourcecode.c.h; path = jsmn.h; sourceTree = SOURCE_ROOT; };
/* End PBXFileReference section */

/* Begin PBXFrameworksBuildPhase section */
		D558BAD8164754D000247553 /* Frameworks */ = {
			isa = PBXFrameworksBuildPhase;
			buildActionMask = 2147483647;
			files = (
				D5EED3F816F677790054D740 /* libftd2xx.1.2.2.dylib in Frameworks */,
				D558BAE0164754D100247553 /* Cocoa.framework in Frameworks */,
				7BB0244F172CE58C00AFDB28 /* IOKit.framework in Frameworks */,
				7BB02451172CEF7100AFDB28 /* Security.framework in Frameworks */,
			);
			runOnlyForDeploymentPostprocessing = 0;
		};
		D558BAF8164754D100247553 /* Frameworks */ = {
			isa = PBXFrameworksBuildPhase;
			buildActionMask = 2147483647;
			files = (
				D558BAFE164754D100247553 /* SenTestingKit.framework in Frameworks */,
				D558BAFF164754D100247553 /* Cocoa.framework in Frameworks */,
			);
			runOnlyForDeploymentPostprocessing = 0;
		};
/* End PBXFrameworksBuildPhase section */

/* Begin PBXGroup section */
		D50860621647971A009427DF /* stm32ld */ = {
			isa = PBXGroup;
			children = (
				D58D1A75164828280090BFE6 /* serial_ftdi.cpp */,
				D50860631647971A009427DF /* cmdline */,
				D50860641647971A009427DF /* lakefile */,
				D50860661647971A009427DF /* MIT-LICENSE */,
				D50860671647971A009427DF /* serial.h */,
				D508606B1647971A009427DF /* stm32ld.cpp */,
				D508606C1647971A009427DF /* stm32ld.h */,
				D508606D1647971A009427DF /* type.h */,
			);
			path = stm32ld;
			sourceTree = SOURCE_ROOT;
		};
		D558BAD0164754D000247553 = {
			isa = PBXGroup;
			children = (
				D5EED3F716F677790054D740 /* libftd2xx.1.2.2.dylib */,
				D558BAE5164754D100247553 /* OnyxLoader */,
				D558BB02164754D100247553 /* OnyxLoaderTests */,
				D558BADE164754D100247553 /* Frameworks */,
				D558BADC164754D000247553 /* Products */,
			);
			sourceTree = "<group>";
		};
		D558BADC164754D000247553 /* Products */ = {
			isa = PBXGroup;
			children = (
				D558BADB164754D000247553 /* OnyxLoader.app */,
				D558BAFC164754D100247553 /* OnyxLoaderTests.octest */,
			);
			name = Products;
			sourceTree = "<group>";
		};
		D558BADE164754D100247553 /* Frameworks */ = {
			isa = PBXGroup;
			children = (
				D558BADF164754D100247553 /* Cocoa.framework */,
				D558BAFD164754D100247553 /* SenTestingKit.framework */,
				D558BAE1164754D100247553 /* Other Frameworks */,
			);
			name = Frameworks;
			sourceTree = "<group>";
		};
		D558BAE1164754D100247553 /* Other Frameworks */ = {
			isa = PBXGroup;
			children = (
				7BB02450172CEF7100AFDB28 /* Security.framework */,
				7BB0244E172CE58C00AFDB28 /* IOKit.framework */,
				D558BAE2164754D100247553 /* AppKit.framework */,
				D558BAE3164754D100247553 /* CoreData.framework */,
				D558BAE4164754D100247553 /* Foundation.framework */,
			);
			name = "Other Frameworks";
			sourceTree = "<group>";
		};
		D558BAE5164754D100247553 /* OnyxLoader */ = {
			isa = PBXGroup;
			children = (
				D5EED3F916F688F60054D740 /* jsmn.cpp */,
				D5EED3FA16F688F60054D740 /* jsmn.h */,
				D5086076164797A3009427DF /* ftd2xx.h */,
				D5086077164797A3009427DF /* WinTypes.h */,
				D50860621647971A009427DF /* stm32ld */,
				D508606116479264009427DF /* doflash.h */,
				D558BAF1164754D100247553 /* AppDelegate.h */,
				D558BAF2164754D100247553 /* AppDelegate.mm */,
				D558BAF4164754D100247553 /* MainMenu.xib */,
				D558BAE6164754D100247553 /* Supporting Files */,
			);
			path = OnyxLoader;
			sourceTree = "<group>";
		};
		D558BAE6164754D100247553 /* Supporting Files */ = {
			isa = PBXGroup;
			children = (
				D558BAE7164754D100247553 /* OnyxLoader-Info.plist */,
				D558BAE8164754D100247553 /* InfoPlist.strings */,
				7B616C76172DCB140040B184 /* icon.icns */,
				D558BAEB164754D100247553 /* main.m */,
				D558BAED164754D100247553 /* OnyxLoader-Prefix.pch */,
				D558BAEE164754D100247553 /* Credits.rtf */,
			);
			name = "Supporting Files";
			sourceTree = "<group>";
		};
		D558BB02164754D100247553 /* OnyxLoaderTests */ = {
			isa = PBXGroup;
			children = (
				D558BB08164754D100247553 /* OnyxLoaderTests.h */,
				D558BB09164754D100247553 /* OnyxLoaderTests.m */,
				D558BB03164754D100247553 /* Supporting Files */,
			);
			path = OnyxLoaderTests;
			sourceTree = "<group>";
		};
		D558BB03164754D100247553 /* Supporting Files */ = {
			isa = PBXGroup;
			children = (
				D558BB04164754D100247553 /* OnyxLoaderTests-Info.plist */,
				D558BB05164754D100247553 /* InfoPlist.strings */,
			);
			name = "Supporting Files";
			sourceTree = "<group>";
		};
/* End PBXGroup section */

/* Begin PBXNativeTarget section */
		D558BADA164754D000247553 /* OnyxLoader */ = {
			isa = PBXNativeTarget;
			buildConfigurationList = D558BB0D164754D100247553 /* Build configuration list for PBXNativeTarget "OnyxLoader" */;
			buildPhases = (
				D558BAD7164754D000247553 /* Sources */,
				D558BAD8164754D000247553 /* Frameworks */,
				D558BAD9164754D000247553 /* Resources */,
				7B616C7A172DCF5E0040B184 /* ShellScript */,
			);
			buildRules = (
			);
			dependencies = (
			);
			name = OnyxLoader;
			productName = OnyxLoader;
			productReference = D558BADB164754D000247553 /* OnyxLoader.app */;
			productType = "com.apple.product-type.application";
		};
		D558BAFB164754D100247553 /* OnyxLoaderTests */ = {
			isa = PBXNativeTarget;
			buildConfigurationList = D558BB10164754D100247553 /* Build configuration list for PBXNativeTarget "OnyxLoaderTests" */;
			buildPhases = (
				D558BAF7164754D100247553 /* Sources */,
				D558BAF8164754D100247553 /* Frameworks */,
				D558BAF9164754D100247553 /* Resources */,
				D558BAFA164754D100247553 /* ShellScript */,
			);
			buildRules = (
			);
			dependencies = (
				D558BB01164754D100247553 /* PBXTargetDependency */,
			);
			name = OnyxLoaderTests;
			productName = OnyxLoaderTests;
			productReference = D558BAFC164754D100247553 /* OnyxLoaderTests.octest */;
			productType = "com.apple.product-type.bundle";
		};
/* End PBXNativeTarget section */

/* Begin PBXProject section */
		D558BAD2164754D000247553 /* Project object */ = {
			isa = PBXProject;
			attributes = {
				LastUpgradeCheck = 0450;
				ORGANIZATIONNAME = "SGenomics Ltd";
			};
			buildConfigurationList = D558BAD5164754D000247553 /* Build configuration list for PBXProject "OnyxLoader" */;
			compatibilityVersion = "Xcode 3.2";
			developmentRegion = English;
			hasScannedForEncodings = 0;
			knownRegions = (
				en,
			);
			mainGroup = D558BAD0164754D000247553;
			productRefGroup = D558BADC164754D000247553 /* Products */;
			projectDirPath = "";
			projectRoot = "";
			targets = (
				D558BADA164754D000247553 /* OnyxLoader */,
				D558BAFB164754D100247553 /* OnyxLoaderTests */,
			);
		};
/* End PBXProject section */

/* Begin PBXResourcesBuildPhase section */
		D558BAD9164754D000247553 /* Resources */ = {
			isa = PBXResourcesBuildPhase;
			buildActionMask = 2147483647;
			files = (
				7B616C79172DCDD10040B184 /* libftd2xx.1.2.2.dylib in Resources */,
				D558BAEA164754D100247553 /* InfoPlist.strings in Resources */,
				D558BAF0164754D100247553 /* Credits.rtf in Resources */,
				D558BAF6164754D100247553 /* MainMenu.xib in Resources */,
				D508606E1647971A009427DF /* cmdline in Resources */,
				D508606F1647971A009427DF /* lakefile in Resources */,
				D50860711647971A009427DF /* MIT-LICENSE in Resources */,
				7B616C78172DCD8C0040B184 /* icon.icns in Resources */,
			);
			runOnlyForDeploymentPostprocessing = 0;
		};
		D558BAF9164754D100247553 /* Resources */ = {
			isa = PBXResourcesBuildPhase;
			buildActionMask = 2147483647;
			files = (
				D558BB07164754D100247553 /* InfoPlist.strings in Resources */,
			);
			runOnlyForDeploymentPostprocessing = 0;
		};
/* End PBXResourcesBuildPhase section */

/* Begin PBXShellScriptBuildPhase section */
		7B616C7A172DCF5E0040B184 /* ShellScript */ = {
			isa = PBXShellScriptBuildPhase;
			buildActionMask = 2147483647;
			files = (
			);
			inputPaths = (
			);
			outputPaths = (
			);
			runOnlyForDeploymentPostprocessing = 0;
			shellPath = /bin/sh;
			shellScript = "/usr/bin/install_name_tool -change /usr/local/lib/libftd2xx.1.2.2.dylib @executable_path/../../../${UNLOCALIZED_RESOURCES_FOLDER_PATH}/libftd2xx.1.2.2.dylib ${TARGET_BUILD_DIR}/${EXECUTABLE_FOLDER_PATH}/${EXECUTABLE_NAME}\n";
		};
		D558BAFA164754D100247553 /* ShellScript */ = {
			isa = PBXShellScriptBuildPhase;
			buildActionMask = 2147483647;
			files = (
			);
			inputPaths = (
			);
			outputPaths = (
			);
			runOnlyForDeploymentPostprocessing = 0;
			shellPath = /bin/sh;
			shellScript = "# Run the unit tests in this test bundle.\n\"${SYSTEM_DEVELOPER_DIR}/Tools/RunUnitTests\"\n";
		};
/* End PBXShellScriptBuildPhase section */

/* Begin PBXSourcesBuildPhase section */
		D558BAD7164754D000247553 /* Sources */ = {
			isa = PBXSourcesBuildPhase;
			buildActionMask = 2147483647;
			files = (
				D558BAEC164754D100247553 /* main.m in Sources */,
				D558BAF3164754D100247553 /* AppDelegate.mm in Sources */,
				D50860751647971A009427DF /* stm32ld.cpp in Sources */,
				D58D1A76164828280090BFE6 /* serial_ftdi.cpp in Sources */,
				D5EED3FC16F690370054D740 /* jsmn.cpp in Sources */,
			);
			runOnlyForDeploymentPostprocessing = 0;
		};
		D558BAF7164754D100247553 /* Sources */ = {
			isa = PBXSourcesBuildPhase;
			buildActionMask = 2147483647;
			files = (
				D558BB0A164754D100247553 /* OnyxLoaderTests.m in Sources */,
			);
			runOnlyForDeploymentPostprocessing = 0;
		};
/* End PBXSourcesBuildPhase section */

/* Begin PBXTargetDependency section */
		D558BB01164754D100247553 /* PBXTargetDependency */ = {
			isa = PBXTargetDependency;
			target = D558BADA164754D000247553 /* OnyxLoader */;
			targetProxy = D558BB00164754D100247553 /* PBXContainerItemProxy */;
		};
/* End PBXTargetDependency section */

/* Begin PBXVariantGroup section */
		D558BAE8164754D100247553 /* InfoPlist.strings */ = {
			isa = PBXVariantGroup;
			children = (
				D558BAE9164754D100247553 /* en */,
			);
			name = InfoPlist.strings;
			sourceTree = "<group>";
		};
		D558BAEE164754D100247553 /* Credits.rtf */ = {
			isa = PBXVariantGroup;
			children = (
				D558BAEF164754D100247553 /* en */,
			);
			name = Credits.rtf;
			sourceTree = "<group>";
		};
		D558BAF4164754D100247553 /* MainMenu.xib */ = {
			isa = PBXVariantGroup;
			children = (
				D558BAF5164754D100247553 /* en */,
			);
			name = MainMenu.xib;
			sourceTree = "<group>";
		};
		D558BB05164754D100247553 /* InfoPlist.strings */ = {
			isa = PBXVariantGroup;
			children = (
				D558BB06164754D100247553 /* en */,
			);
			name = InfoPlist.strings;
			sourceTree = "<group>";
		};
/* End PBXVariantGroup section */

/* Begin XCBuildConfiguration section */
		D558BB0B164754D100247553 /* Debug */ = {
			isa = XCBuildConfiguration;
			buildSettings = {
				ALWAYS_SEARCH_USER_PATHS = NO;
				ARCHS = "$(ARCHS_STANDARD_64_BIT)";
				CLANG_CXX_LANGUAGE_STANDARD = "gnu++0x";
				CLANG_CXX_LIBRARY = "libc++";
				CLANG_ENABLE_OBJC_ARC = YES;
				CLANG_WARN_EMPTY_BODY = YES;
				CLANG_WARN__DUPLICATE_METHOD_MATCH = YES;
				COPY_PHASE_STRIP = NO;
				GCC_C_LANGUAGE_STANDARD = gnu99;
				GCC_DYNAMIC_NO_PIC = NO;
				GCC_ENABLE_OBJC_EXCEPTIONS = YES;
				GCC_OPTIMIZATION_LEVEL = 0;
				GCC_PREPROCESSOR_DEFINITIONS = (
					"DEBUG=1",
					"$(inherited)",
				);
				GCC_SYMBOLS_PRIVATE_EXTERN = NO;
				GCC_WARN_64_TO_32_BIT_CONVERSION = YES;
				GCC_WARN_ABOUT_RETURN_TYPE = YES;
				GCC_WARN_UNINITIALIZED_AUTOS = YES;
				GCC_WARN_UNUSED_VARIABLE = YES;
				MACOSX_DEPLOYMENT_TARGET = 10.7;
				ONLY_ACTIVE_ARCH = YES;
				SDKROOT = macosx;
			};
			name = Debug;
		};
		D558BB0C164754D100247553 /* Release */ = {
			isa = XCBuildConfiguration;
			buildSettings = {
				ALWAYS_SEARCH_USER_PATHS = NO;
				ARCHS = "$(ARCHS_STANDARD_64_BIT)";
				CLANG_CXX_LANGUAGE_STANDARD = "gnu++0x";
				CLANG_CXX_LIBRARY = "libc++";
				CLANG_ENABLE_OBJC_ARC = YES;
				CLANG_WARN_EMPTY_BODY = YES;
				CLANG_WARN__DUPLICATE_METHOD_MATCH = YES;
				COPY_PHASE_STRIP = YES;
				DEBUG_INFORMATION_FORMAT = "dwarf-with-dsym";
				GCC_C_LANGUAGE_STANDARD = gnu99;
				GCC_ENABLE_OBJC_EXCEPTIONS = YES;
				GCC_WARN_64_TO_32_BIT_CONVERSION = YES;
				GCC_WARN_ABOUT_RETURN_TYPE = YES;
				GCC_WARN_UNINITIALIZED_AUTOS = YES;
				GCC_WARN_UNUSED_VARIABLE = YES;
				MACOSX_DEPLOYMENT_TARGET = 10.7;
				SDKROOT = macosx;
			};
			name = Release;
		};
		D558BB0E164754D100247553 /* Debug */ = {
			isa = XCBuildConfiguration;
			buildSettings = {
				COMBINE_HIDPI_IMAGES = YES;
				GCC_PRECOMPILE_PREFIX_HEADER = NO;
				GCC_PREFIX_HEADER = "OnyxLoader/OnyxLoader-Prefix.pch";
				INFOPLIST_FILE = "OnyxLoader/OnyxLoader-Info.plist";
				LIBRARY_SEARCH_PATHS = (
					"$(inherited)",
					"\"$(SRCROOT)\"",
				);
				PRODUCT_NAME = "$(TARGET_NAME)";
				WRAPPER_EXTENSION = app;
			};
			name = Debug;
		};
		D558BB0F164754D100247553 /* Release */ = {
			isa = XCBuildConfiguration;
			buildSettings = {
				COMBINE_HIDPI_IMAGES = YES;
				GCC_PRECOMPILE_PREFIX_HEADER = NO;
				GCC_PREFIX_HEADER = "OnyxLoader/OnyxLoader-Prefix.pch";
				INFOPLIST_FILE = "OnyxLoader/OnyxLoader-Info.plist";
				LIBRARY_SEARCH_PATHS = (
					"$(inherited)",
					"\"$(SRCROOT)\"",
				);
				"LIBRARY_SEARCH_PATHS[arch=*]" = "$(inherited)";
				PRODUCT_NAME = "$(TARGET_NAME)";
				WRAPPER_EXTENSION = app;
			};
			name = Release;
		};
		D558BB11164754D100247553 /* Debug */ = {
			isa = XCBuildConfiguration;
			buildSettings = {
				BUNDLE_LOADER = "$(BUILT_PRODUCTS_DIR)/OnyxLoader.app/Contents/MacOS/OnyxLoader";
				COMBINE_HIDPI_IMAGES = YES;
				FRAMEWORK_SEARCH_PATHS = "\"$(DEVELOPER_LIBRARY_DIR)/Frameworks\"";
				GCC_PRECOMPILE_PREFIX_HEADER = YES;
				GCC_PREFIX_HEADER = "OnyxLoader/OnyxLoader-Prefix.pch";
				INFOPLIST_FILE = "OnyxLoaderTests/OnyxLoaderTests-Info.plist";
				PRODUCT_NAME = "$(TARGET_NAME)";
				TEST_HOST = "$(BUNDLE_LOADER)";
				WRAPPER_EXTENSION = octest;
			};
			name = Debug;
		};
		D558BB12164754D100247553 /* Release */ = {
			isa = XCBuildConfiguration;
			buildSettings = {
				BUNDLE_LOADER = "$(BUILT_PRODUCTS_DIR)/OnyxLoader.app/Contents/MacOS/OnyxLoader";
				COMBINE_HIDPI_IMAGES = YES;
				FRAMEWORK_SEARCH_PATHS = "\"$(DEVELOPER_LIBRARY_DIR)/Frameworks\"";
				GCC_PRECOMPILE_PREFIX_HEADER = YES;
				GCC_PREFIX_HEADER = "OnyxLoader/OnyxLoader-Prefix.pch";
				INFOPLIST_FILE = "OnyxLoaderTests/OnyxLoaderTests-Info.plist";
				PRODUCT_NAME = "$(TARGET_NAME)";
				TEST_HOST = "$(BUNDLE_LOADER)";
				WRAPPER_EXTENSION = octest;
			};
			name = Release;
		};
/* End XCBuildConfiguration section */

/* Begin XCConfigurationList section */
		D558BAD5164754D000247553 /* Build configuration list for PBXProject "OnyxLoader" */ = {
			isa = XCConfigurationList;
			buildConfigurations = (
				D558BB0B164754D100247553 /* Debug */,
				D558BB0C164754D100247553 /* Release */,
			);
			defaultConfigurationIsVisible = 0;
			defaultConfigurationName = Release;
		};
		D558BB0D164754D100247553 /* Build configuration list for PBXNativeTarget "OnyxLoader" */ = {
			isa = XCConfigurationList;
			buildConfigurations = (
				D558BB0E164754D100247553 /* Debug */,
				D558BB0F164754D100247553 /* Release */,
			);
			defaultConfigurationIsVisible = 0;
			defaultConfigurationName = Release;
		};
		D558BB10164754D100247553 /* Build configuration list for PBXNativeTarget "OnyxLoaderTests" */ = {
			isa = XCConfigurationList;
			buildConfigurations = (
				D558BB11164754D100247553 /* Debug */,
				D558BB12164754D100247553 /* Release */,
			);
			defaultConfigurationIsVisible = 0;
			defaultConfigurationName = Release;
		};
/* End XCConfigurationList section */
	};
	rootObject = D558BAD2164754D000247553 /* Project object */;
}
